
Microsoft Visual Studio Solution File, Format Version 12.00
# Visual Studio 15
VisualStudioVersion = 15.0.28307.421
MinimumVisualStudioVersion = 10.0.40219.1
Project("{FAE04EC0-301F-11D3-BF4B-00C04F79EFBC}") = "CABR_ID_SCANNER", "CABR_ID_SCANNER\CABR_ID_SCANNER.csproj", "{EB36DDB2-DBFB-4305-B329-08D009F026BB}"
EndProject
Global
	GlobalSection(SolutionConfigurationPlatforms) = preSolution
		Debug|Any CPU = Debug|Any CPU
		Release|Any CPU = Release|Any CPU
	EndGlobalSection
	GlobalSection(ProjectConfigurationPlatforms) = postSolution
		{EB36DDB2-DBFB-4305-B329-08D009F026BB}.Debug|Any CPU.ActiveCfg = Debug|Any CPU
		{EB36DDB2-DBFB-4305-B329-08D009F026BB}.Debug|Any CPU.Build.0 = Debug|Any CPU
		{EB36DDB2-DBFB-4305-B329-08D009F026BB}.Release|Any CPU.ActiveCfg = Release|Any CPU
		{EB36DDB2-DBFB-4305-B329-08D009F026BB}.Release|Any CPU.Build.0 = Release|Any CPU
	EndGlobalSection
	GlobalSection(SolutionProperties) = preSolution
		HideSolutionNode = FALSE
	EndGlobalSection
	GlobalSection(ExtensibilityGlobals) = postSolution
		SolutionGuid = {B510E74C-AE16-4D73-83EB-6357E11F8BB4}
	EndGlobalSection
EndGlobal
